
Microsoft Visual Studio Solution File, Format Version 12.00
# Visual Studio Version 17
VisualStudioVersion = 17.7.34202.233
MinimumVisualStudioVersion = 10.0.40219.1
Project("{FAE04EC0-301F-11D3-BF4B-00C04F79EFBC}") = "Test", "Test\Test.csproj", "{5761F5CD-AD0C-496D-891F-218A599A159C}"
EndProject
Global
	GlobalSection(SolutionConfigurationPlatforms) = preSolution
		Debug|Any CPU = Debug|Any CPU
		Release|Any CPU = Release|Any CPU
	EndGlobalSection
	GlobalSection(ProjectConfigurationPlatforms) = postSolution
		{5761F5CD-AD0C-496D-891F-218A599A159C}.Debug|Any CPU.ActiveCfg = Debug|Any CPU
		{5761F5CD-AD0C-496D-891F-218A599A159C}.Debug|Any CPU.Build.0 = Debug|Any CPU
		{5761F5CD-AD0C-496D-891F-218A599A159C}.Release|Any CPU.ActiveCfg = Release|Any CPU
		{5761F5CD-AD0C-496D-891F-218A599A159C}.Release|Any CPU.Build.0 = Release|Any CPU
	EndGlobalSection
	GlobalSection(SolutionProperties) = preSolution
		HideSolutionNode = FALSE
	EndGlobalSection
	GlobalSection(ExtensibilityGlobals) = postSolution
		SolutionGuid = {6050A074-A329-4740-AB71-62386835CE90}
	EndGlobalSection
EndGlobal
